
Microsoft Visual Studio Solution File, Format Version 12.00
# Visual Studio Version 16
VisualStudioVersion = 16.0.29709.97
MinimumVisualStudioVersion = 10.0.40219.1
Project("{FAE04EC0-301F-11D3-BF4B-00C04F79EFBC}") = "Benchmark", "DeflateSample\Benchmark.csproj", "{52E76EC9-C5BA-4DB1-8C15-0A349CD06FF9}"
EndProject
Project("{FAE04EC0-301F-11D3-BF4B-00C04F79EFBC}") = "Compressor", "Compressor\Compressor.csproj", "{DF04D51F-104C-4DF4-91CE-7FB6A4395033}"
EndProject
Project("{FAE04EC0-301F-11D3-BF4B-00C04F79EFBC}") = "Validator", "Validator\Validator.csproj", "{A39DCCAF-FFCA-4247-9E31-721EAF488D68}"
EndProject
Project("{FAE04EC0-301F-11D3-BF4B-00C04F79EFBC}") = "SevenZip", "SevenZip\SevenZip.csproj", "{0B29AB45-3A0F-4069-9124-090FF64C47D1}"
EndProject
Global
	GlobalSection(SolutionConfigurationPlatforms) = preSolution
		Debug|Any CPU = Debug|Any CPU
		Release|Any CPU = Release|Any CPU
	EndGlobalSection
	GlobalSection(ProjectConfigurationPlatforms) = postSolution
		{52E76EC9-C5BA-4DB1-8C15-0A349CD06FF9}.Debug|Any CPU.ActiveCfg = Debug|Any CPU
		{52E76EC9-C5BA-4DB1-8C15-0A349CD06FF9}.Debug|Any CPU.Build.0 = Debug|Any CPU
		{52E76EC9-C5BA-4DB1-8C15-0A349CD06FF9}.Release|Any CPU.ActiveCfg = Release|Any CPU
		{52E76EC9-C5BA-4DB1-8C15-0A349CD06FF9}.Release|Any CPU.Build.0 = Release|Any CPU
		{DF04D51F-104C-4DF4-91CE-7FB6A4395033}.Debug|Any CPU.ActiveCfg = Debug|Any CPU
		{DF04D51F-104C-4DF4-91CE-7FB6A4395033}.Debug|Any CPU.Build.0 = Debug|Any CPU
		{DF04D51F-104C-4DF4-91CE-7FB6A4395033}.Release|Any CPU.ActiveCfg = Release|Any CPU
		{DF04D51F-104C-4DF4-91CE-7FB6A4395033}.Release|Any CPU.Build.0 = Release|Any CPU
		{A39DCCAF-FFCA-4247-9E31-721EAF488D68}.Debug|Any CPU.ActiveCfg = Debug|Any CPU
		{A39DCCAF-FFCA-4247-9E31-721EAF488D68}.Debug|Any CPU.Build.0 = Debug|Any CPU
		{A39DCCAF-FFCA-4247-9E31-721EAF488D68}.Release|Any CPU.ActiveCfg = Release|Any CPU
		{A39DCCAF-FFCA-4247-9E31-721EAF488D68}.Release|Any CPU.Build.0 = Release|Any CPU
		{0B29AB45-3A0F-4069-9124-090FF64C47D1}.Debug|Any CPU.ActiveCfg = Debug|Any CPU
		{0B29AB45-3A0F-4069-9124-090FF64C47D1}.Debug|Any CPU.Build.0 = Debug|Any CPU
		{0B29AB45-3A0F-4069-9124-090FF64C47D1}.Release|Any CPU.ActiveCfg = Release|Any CPU
		{0B29AB45-3A0F-4069-9124-090FF64C47D1}.Release|Any CPU.Build.0 = Release|Any CPU
	EndGlobalSection
	GlobalSection(SolutionProperties) = preSolution
		HideSolutionNode = FALSE
	EndGlobalSection
	GlobalSection(ExtensibilityGlobals) = postSolution
		SolutionGuid = {E231FA0F-74F4-4BBE-8877-A87C797AEA41}
	EndGlobalSection
EndGlobal
